// !$*UTF8*$!
{
	archiveVersion = 1;
	classes = {
	};
	objectVersion = 46;
	objects = {

/* Begin PBXBuildFile section */
		EC33001C1E71D8E300765372 /* SelectiveBordersLayer.swift in Sources */ = {isa = PBXBuildFile; fileRef = EC33001B1E71D8E300765372 /* SelectiveBordersLayer.swift */; };
		EC3300261E71D93A00765372 /* AppDelegate.swift in Sources */ = {isa = PBXBuildFile; fileRef = EC33001E1E71D93A00765372 /* AppDelegate.swift */; };
		EC3300271E71D93A00765372 /* Assets.xcassets in Resources */ = {isa = PBXBuildFile; fileRef = EC33001F1E71D93A00765372 /* Assets.xcassets */; };
		EC3300281E71D93A00765372 /* LaunchScreen.storyboard in Resources */ = {isa = PBXBuildFile; fileRef = EC3300201E71D93A00765372 /* LaunchScreen.storyboard */; };
		EC3300291E71D93A00765372 /* Main.storyboard in Resources */ = {isa = PBXBuildFile; fileRef = EC3300221E71D93A00765372 /* Main.storyboard */; };
		EC33002A1E71D93A00765372 /* Info.plist in Resources */ = {isa = PBXBuildFile; fileRef = EC3300241E71D93A00765372 /* Info.plist */; };
		EC33002B1E71D93A00765372 /* ViewController.swift in Sources */ = {isa = PBXBuildFile; fileRef = EC3300251E71D93A00765372 /* ViewController.swift */; };
/* End PBXBuildFile section */

/* Begin PBXFileReference section */
		EC33001B1E71D8E300765372 /* SelectiveBordersLayer.swift */ = {isa = PBXFileReference; fileEncoding = 4; lastKnownFileType = sourcecode.swift; path = SelectiveBordersLayer.swift; sourceTree = "<group>"; };
		EC33001E1E71D93A00765372 /* AppDelegate.swift */ = {isa = PBXFileReference; fileEncoding = 4; lastKnownFileType = sourcecode.swift; path = AppDelegate.swift; sourceTree = "<group>"; };
		EC33001F1E71D93A00765372 /* Assets.xcassets */ = {isa = PBXFileReference; lastKnownFileType = folder.assetcatalog; path = Assets.xcassets; sourceTree = "<group>"; };
		EC3300211E71D93A00765372 /* Base */ = {isa = PBXFileReference; lastKnownFileType = file.storyboard; name = Base; path = Base.lproj/LaunchScreen.storyboard; sourceTree = "<group>"; };
		EC3300231E71D93A00765372 /* Base */ = {isa = PBXFileReference; lastKnownFileType = file.storyboard; name = Base; path = Base.lproj/Main.storyboard; sourceTree = "<group>"; };
		EC3300241E71D93A00765372 /* Info.plist */ = {isa = PBXFileReference; fileEncoding = 4; lastKnownFileType = text.plist.xml; path = Info.plist; sourceTree = "<group>"; };
		EC3300251E71D93A00765372 /* ViewController.swift */ = {isa = PBXFileReference; fileEncoding = 4; lastKnownFileType = sourcecode.swift; path = ViewController.swift; sourceTree = "<group>"; };
		EC33FFDF1E64881A00765372 /* SelectiveBordersDemo.app */ = {isa = PBXFileReference; explicitFileType = wrapper.application; includeInIndex = 0; path = SelectiveBordersDemo.app; sourceTree = BUILT_PRODUCTS_DIR; };
/* End PBXFileReference section */

/* Begin PBXFrameworksBuildPhase section */
		EC33FFDC1E64881A00765372 /* Frameworks */ = {
			isa = PBXFrameworksBuildPhase;
			buildActionMask = 2147483647;
			files = (
			);
			runOnlyForDeploymentPostprocessing = 0;
		};
/* End PBXFrameworksBuildPhase section */

/* Begin PBXGroup section */
		EC33001A1E71D8E300765372 /* Source */ = {
			isa = PBXGroup;
			children = (
				EC33001B1E71D8E300765372 /* SelectiveBordersLayer.swift */,
			);
			path = Source;
			sourceTree = "<group>";
		};
		EC33001D1E71D93A00765372 /* SelectiveBordersDemo */ = {
			isa = PBXGroup;
			children = (
				EC33001E1E71D93A00765372 /* AppDelegate.swift */,
				EC33001F1E71D93A00765372 /* Assets.xcassets */,
				EC3300201E71D93A00765372 /* LaunchScreen.storyboard */,
				EC3300221E71D93A00765372 /* Main.storyboard */,
				EC3300241E71D93A00765372 /* Info.plist */,
				EC3300251E71D93A00765372 /* ViewController.swift */,
			);
			path = SelectiveBordersDemo;
			sourceTree = "<group>";
		};
		EC33FFD61E64881A00765372 = {
			isa = PBXGroup;
			children = (
				EC33001A1E71D8E300765372 /* Source */,
				EC33001D1E71D93A00765372 /* SelectiveBordersDemo */,
				EC33FFE01E64881A00765372 /* Products */,
			);
			sourceTree = "<group>";
		};
		EC33FFE01E64881A00765372 /* Products */ = {
			isa = PBXGroup;
			children = (
				EC33FFDF1E64881A00765372 /* SelectiveBordersDemo.app */,
			);
			name = Products;
			sourceTree = "<group>";
		};
/* End PBXGroup section */

/* Begin PBXNativeTarget section */
		EC33FFDE1E64881A00765372 /* SelectiveBordersDemo */ = {
			isa = PBXNativeTarget;
			buildConfigurationList = EC33FFF11E64881A00765372 /* Build configuration list for PBXNativeTarget "SelectiveBordersDemo" */;
			buildPhases = (
				EC33FFDB1E64881A00765372 /* Sources */,
				EC33FFDC1E64881A00765372 /* Frameworks */,
				EC33FFDD1E64881A00765372 /* Resources */,
			);
			buildRules = (
			);
			dependencies = (
			);
			name = SelectiveBordersDemo;
			productName = Trials;
			productReference = EC33FFDF1E64881A00765372 /* SelectiveBordersDemo.app */;
			productType = "com.apple.product-type.application";
		};
/* End PBXNativeTarget section */

/* Begin PBXProject section */
		EC33FFD71E64881A00765372 /* Project object */ = {
			isa = PBXProject;
			attributes = {
				LastSwiftUpdateCheck = 0820;
				LastUpgradeCheck = 0820;
				ORGANIZATIONNAME = "Ismail Gulek";
				TargetAttributes = {
					EC33FFDE1E64881A00765372 = {
						CreatedOnToolsVersion = 8.2.1;
						DevelopmentTeam = S74N7PNF8A;
						ProvisioningStyle = Automatic;
					};
				};
			};
			buildConfigurationList = EC33FFDA1E64881A00765372 /* Build configuration list for PBXProject "SelectiveBordersDemo" */;
			compatibilityVersion = "Xcode 3.2";
			developmentRegion = English;
			hasScannedForEncodings = 0;
			knownRegions = (
				en,
				Base,
			);
			mainGroup = EC33FFD61E64881A00765372;
			productRefGroup = EC33FFE01E64881A00765372 /* Products */;
			projectDirPath = "";
			projectRoot = "";
			targets = (
				EC33FFDE1E64881A00765372 /* SelectiveBordersDemo */,
			);
		};
/* End PBXProject section */

/* Begin PBXResourcesBuildPhase section */
		EC33FFDD1E64881A00765372 /* Resources */ = {
			isa = PBXResourcesBuildPhase;
			buildActionMask = 2147483647;
			files = (
				EC33002A1E71D93A00765372 /* Info.plist in Resources */,
				EC3300291E71D93A00765372 /* Main.storyboard in Resources */,
				EC3300271E71D93A00765372 /* Assets.xcassets in Resources */,
				EC3300281E71D93A00765372 /* LaunchScreen.storyboard in Resources */,
			);
			runOnlyForDeploymentPostprocessing = 0;
		};
/* End PBXResourcesBuildPhase section */

/* Begin PBXSourcesBuildPhase section */
		EC33FFDB1E64881A00765372 /* Sources */ = {
			isa = PBXSourcesBuildPhase;
			buildActionMask = 2147483647;
			files = (
				EC33002B1E71D93A00765372 /* ViewController.swift in Sources */,
				EC3300261E71D93A00765372 /* AppDelegate.swift in Sources */,
				EC33001C1E71D8E300765372 /* SelectiveBordersLayer.swift in Sources */,
			);
			runOnlyForDeploymentPostprocessing = 0;
		};
/* End PBXSourcesBuildPhase section */

/* Begin PBXVariantGroup section */
		EC3300201E71D93A00765372 /* LaunchScreen.storyboard */ = {
			isa = PBXVariantGroup;
			children = (
				EC3300211E71D93A00765372 /* Base */,
			);
			name = LaunchScreen.storyboard;
			sourceTree = "<group>";
		};
		EC3300221E71D93A00765372 /* Main.storyboard */ = {
			isa = PBXVariantGroup;
			children = (
				EC3300231E71D93A00765372 /* Base */,
			);
			name = Main.storyboard;
			sourceTree = "<group>";
		};
/* End PBXVariantGroup section */

/* Begin XCBuildConfiguration section */
		EC33FFEF1E64881A00765372 /* Debug */ = {
			isa = XCBuildConfiguration;
			buildSettings = {
				ALWAYS_SEARCH_USER_PATHS = NO;
				CLANG_ANALYZER_NONNULL = YES;
				CLANG_CXX_LANGUAGE_STANDARD = "gnu++0x";
				CLANG_CXX_LIBRARY = "libc++";
				CLANG_ENABLE_MODULES = YES;
				CLANG_ENABLE_OBJC_ARC = YES;
				CLANG_WARN_BOOL_CONVERSION = YES;
				CLANG_WARN_CONSTANT_CONVERSION = YES;
				CLANG_WARN_DIRECT_OBJC_ISA_USAGE = YES_ERROR;
				CLANG_WARN_DOCUMENTATION_COMMENTS = YES;
				CLANG_WARN_EMPTY_BODY = YES;
				CLANG_WARN_ENUM_CONVERSION = YES;
				CLANG_WARN_INFINITE_RECURSION = YES;
				CLANG_WARN_INT_CONVERSION = YES;
				CLANG_WARN_OBJC_ROOT_CLASS = YES_ERROR;
				CLANG_WARN_SUSPICIOUS_MOVE = YES;
				CLANG_WARN_UNREACHABLE_CODE = YES;
				CLANG_WARN__DUPLICATE_METHOD_MATCH = YES;
				"CODE_SIGN_IDENTITY[sdk=iphoneos*]" = "iPhone Developer";
				COPY_PHASE_STRIP = NO;
				DEBUG_INFORMATION_FORMAT = dwarf;
				ENABLE_STRICT_OBJC_MSGSEND = YES;
				ENABLE_TESTABILITY = YES;
				GCC_C_LANGUAGE_STANDARD = gnu99;
				GCC_DYNAMIC_NO_PIC = NO;
				GCC_NO_COMMON_BLOCKS = YES;
				GCC_OPTIMIZATION_LEVEL = 0;
				GCC_PREPROCESSOR_DEFINITIONS = (
					"DEBUG=1",
					"$(inherited)",
				);
				GCC_WARN_64_TO_32_BIT_CONVERSION = YES;
				GCC_WARN_ABOUT_RETURN_TYPE = YES_ERROR;
				GCC_WARN_UNDECLARED_SELECTOR = YES;
				GCC_WARN_UNINITIALIZED_AUTOS = YES_AGGRESSIVE;
				GCC_WARN_UNUSED_FUNCTION = YES;
				GCC_WARN_UNUSED_VARIABLE = YES;
				IPHONEOS_DEPLOYMENT_TARGET = 10.2;
				MTL_ENABLE_DEBUG_INFO = YES;
				ONLY_ACTIVE_ARCH = YES;
				SDKROOT = iphoneos;
				SWIFT_ACTIVE_COMPILATION_CONDITIONS = DEBUG;
				SWIFT_OPTIMIZATION_LEVEL = "-Onone";
				TARGETED_DEVICE_FAMILY = "1,2";
			};
			name = Debug;
		};
		EC33FFF01E64881A00765372 /* Release */ = {
			isa = XCBuildConfiguration;
			buildSettings = {
				ALWAYS_SEARCH_USER_PATHS = NO;
				CLANG_ANALYZER_NONNULL = YES;
				CLANG_CXX_LANGUAGE_STANDARD = "gnu++0x";
				CLANG_CXX_LIBRARY = "libc++";
				CLANG_ENABLE_MODULES = YES;
				CLANG_ENABLE_OBJC_ARC = YES;
				CLANG_WARN_BOOL_CONVERSION = YES;
				CLANG_WARN_CONSTANT_CONVERSION = YES;
				CLANG_WARN_DIRECT_OBJC_ISA_USAGE = YES_ERROR;
				CLANG_WARN_DOCUMENTATION_COMMENTS = YES;
				CLANG_WARN_EMPTY_BODY = YES;
				CLANG_WARN_ENUM_CONVERSION = YES;
				CLANG_WARN_INFINITE_RECURSION = YES;
				CLANG_WARN_INT_CONVERSION = YES;
				CLANG_WARN_OBJC_ROOT_CLASS = YES_ERROR;
				CLANG_WARN_SUSPICIOUS_MOVE = YES;
				CLANG_WARN_UNREACHABLE_CODE = YES;
				CLANG_WARN__DUPLICATE_METHOD_MATCH = YES;
				"CODE_SIGN_IDENTITY[sdk=iphoneos*]" = "iPhone Developer";
				COPY_PHASE_STRIP = NO;
				DEBUG_INFORMATION_FORMAT = "dwarf-with-dsym";
				ENABLE_NS_ASSERTIONS = NO;
				ENABLE_STRICT_OBJC_MSGSEND = YES;
				GCC_C_LANGUAGE_STANDARD = gnu99;
				GCC_NO_COMMON_BLOCKS = YES;
				GCC_WARN_64_TO_32_BIT_CONVERSION = YES;
				GCC_WARN_ABOUT_RETURN_TYPE = YES_ERROR;
				GCC_WARN_UNDECLARED_SELECTOR = YES;
				GCC_WARN_UNINITIALIZED_AUTOS = YES_AGGRESSIVE;
				GCC_WARN_UNUSED_FUNCTION = YES;
				GCC_WARN_UNUSED_VARIABLE = YES;
				IPHONEOS_DEPLOYMENT_TARGET = 10.2;
				MTL_ENABLE_DEBUG_INFO = NO;
				SDKROOT = iphoneos;
				SWIFT_OPTIMIZATION_LEVEL = "-Owholemodule";
				TARGETED_DEVICE_FAMILY = "1,2";
				VALIDATE_PRODUCT = YES;
			};
			name = Release;
		};
		EC33FFF21E64881A00765372 /* Debug */ = {
			isa = XCBuildConfiguration;
			buildSettings = {
				ASSETCATALOG_COMPILER_APPICON_NAME = AppIcon;
				DEVELOPMENT_TEAM = S74N7PNF8A;
				INFOPLIST_FILE = "$(SRCROOT)/SelectiveBordersDemo/Info.plist";
				IPHONEOS_DEPLOYMENT_TARGET = 8.0;
				LD_RUNPATH_SEARCH_PATHS = "$(inherited) @executable_path/Frameworks";
				PRODUCT_BUNDLE_IDENTIFIER = com.gulek.SelectiveBordersDemo;
				PRODUCT_NAME = "$(TARGET_NAME)";
				SWIFT_VERSION = 3.0;
			};
			name = Debug;
		};
		EC33FFF31E64881A00765372 /* Release */ = {
			isa = XCBuildConfiguration;
			buildSettings = {
				ASSETCATALOG_COMPILER_APPICON_NAME = AppIcon;
				DEVELOPMENT_TEAM = S74N7PNF8A;
				INFOPLIST_FILE = "$(SRCROOT)/SelectiveBordersDemo/Info.plist";
				IPHONEOS_DEPLOYMENT_TARGET = 8.0;
				LD_RUNPATH_SEARCH_PATHS = "$(inherited) @executable_path/Frameworks";
				PRODUCT_BUNDLE_IDENTIFIER = com.gulek.SelectiveBordersDemo;
				PRODUCT_NAME = "$(TARGET_NAME)";
				SWIFT_VERSION = 3.0;
			};
			name = Release;
		};
/* End XCBuildConfiguration section */

/* Begin XCConfigurationList section */
		EC33FFDA1E64881A00765372 /* Build configuration list for PBXProject "SelectiveBordersDemo" */ = {
			isa = XCConfigurationList;
			buildConfigurations = (
				EC33FFEF1E64881A00765372 /* Debug */,
				EC33FFF01E64881A00765372 /* Release */,
			);
			defaultConfigurationIsVisible = 0;
			defaultConfigurationName = Release;
		};
		EC33FFF11E64881A00765372 /* Build configuration list for PBXNativeTarget "SelectiveBordersDemo" */ = {
			isa = XCConfigurationList;
			buildConfigurations = (
				EC33FFF21E64881A00765372 /* Debug */,
				EC33FFF31E64881A00765372 /* Release */,
			);
			defaultConfigurationIsVisible = 0;
			defaultConfigurationName = Release;
		};
/* End XCConfigurationList section */
	};
	rootObject = EC33FFD71E64881A00765372 /* Project object */;
}
